
Microsoft Visual Studio Solution File, Format Version 12.00
# Visual Studio Version 17
VisualStudioVersion = 17.14.36518.9
MinimumVisualStudioVersion = 10.0.40219.1
Project("{FAE04EC0-301F-11D3-BF4B-00C04F79EFBC}") = "Knapsack", "Knapsack\Knapsack.csproj", "{1B7CD119-03A4-4B42-81CA-5382977C7D92}"
EndProject
Project("{FAE04EC0-301F-11D3-BF4B-00C04F79EFBC}") = "Unit_Tests", "Unit_Tests\Unit_Tests.csproj", "{C9EF6B1C-EB06-4E2C-8697-DC10658D0F5C}"
EndProject
Global
	GlobalSection(SolutionConfigurationPlatforms) = preSolution
		Debug|Any CPU = Debug|Any CPU
		Release|Any CPU = Release|Any CPU
	EndGlobalSection
	GlobalSection(ProjectConfigurationPlatforms) = postSolution
		{1B7CD119-03A4-4B42-81CA-5382977C7D92}.Debug|Any CPU.ActiveCfg = Debug|Any CPU
		{1B7CD119-03A4-4B42-81CA-5382977C7D92}.Debug|Any CPU.Build.0 = Debug|Any CPU
		{1B7CD119-03A4-4B42-81CA-5382977C7D92}.Release|Any CPU.ActiveCfg = Release|Any CPU
		{1B7CD119-03A4-4B42-81CA-5382977C7D92}.Release|Any CPU.Build.0 = Release|Any CPU
		{C9EF6B1C-EB06-4E2C-8697-DC10658D0F5C}.Debug|Any CPU.ActiveCfg = Debug|Any CPU
		{C9EF6B1C-EB06-4E2C-8697-DC10658D0F5C}.Debug|Any CPU.Build.0 = Debug|Any CPU
		{C9EF6B1C-EB06-4E2C-8697-DC10658D0F5C}.Release|Any CPU.ActiveCfg = Release|Any CPU
		{C9EF6B1C-EB06-4E2C-8697-DC10658D0F5C}.Release|Any CPU.Build.0 = Release|Any CPU
	EndGlobalSection
	GlobalSection(SolutionProperties) = preSolution
		HideSolutionNode = FALSE
	EndGlobalSection
	GlobalSection(ExtensibilityGlobals) = postSolution
		SolutionGuid = {2F3CE10D-E78A-4F74-AF33-AA6F297D5AB9}
	EndGlobalSection
EndGlobal
